
Microsoft Visual Studio Solution File, Format Version 12.00
# Visual Studio 15
VisualStudioVersion = 15.0.26124.0
MinimumVisualStudioVersion = 15.0.26124.0
Project("{2150E333-8FDC-42A3-9474-1A3956D46DE8}") = "src", "src", "{EBB2855C-8D5C-460D-8EDA-BFDF8F24DE1D}"
EndProject
Project("{FAE04EC0-301F-11D3-BF4B-00C04F79EFBC}") = "CommandAPI", "src\CommandAPI\CommandAPI.csproj", "{347051BD-4C2B-409D-95A4-5CC2B8CAC399}"
EndProject
Project("{2150E333-8FDC-42A3-9474-1A3956D46DE8}") = "test", "test", "{2D58803C-269C-45A3-8E2B-FE8CFB056BD4}"
EndProject
Project("{FAE04EC0-301F-11D3-BF4B-00C04F79EFBC}") = "CommandAPI.Tests", "test\CommandAPI.Tests\CommandAPI.Tests.csproj", "{71B60EF8-22D3-416C-AC95-3ED28C028366}"
EndProject
Global
	GlobalSection(SolutionConfigurationPlatforms) = preSolution
		Debug|Any CPU = Debug|Any CPU
		Debug|x64 = Debug|x64
		Debug|x86 = Debug|x86
		Release|Any CPU = Release|Any CPU
		Release|x64 = Release|x64
		Release|x86 = Release|x86
	EndGlobalSection
	GlobalSection(SolutionProperties) = preSolution
		HideSolutionNode = FALSE
	EndGlobalSection
	GlobalSection(ProjectConfigurationPlatforms) = postSolution
		{347051BD-4C2B-409D-95A4-5CC2B8CAC399}.Debug|Any CPU.ActiveCfg = Debug|Any CPU
		{347051BD-4C2B-409D-95A4-5CC2B8CAC399}.Debug|Any CPU.Build.0 = Debug|Any CPU
		{347051BD-4C2B-409D-95A4-5CC2B8CAC399}.Debug|x64.ActiveCfg = Debug|Any CPU
		{347051BD-4C2B-409D-95A4-5CC2B8CAC399}.Debug|x64.Build.0 = Debug|Any CPU
		{347051BD-4C2B-409D-95A4-5CC2B8CAC399}.Debug|x86.ActiveCfg = Debug|Any CPU
		{347051BD-4C2B-409D-95A4-5CC2B8CAC399}.Debug|x86.Build.0 = Debug|Any CPU
		{347051BD-4C2B-409D-95A4-5CC2B8CAC399}.Release|Any CPU.ActiveCfg = Release|Any CPU
		{347051BD-4C2B-409D-95A4-5CC2B8CAC399}.Release|Any CPU.Build.0 = Release|Any CPU
		{347051BD-4C2B-409D-95A4-5CC2B8CAC399}.Release|x64.ActiveCfg = Release|Any CPU
		{347051BD-4C2B-409D-95A4-5CC2B8CAC399}.Release|x64.Build.0 = Release|Any CPU
		{347051BD-4C2B-409D-95A4-5CC2B8CAC399}.Release|x86.ActiveCfg = Release|Any CPU
		{347051BD-4C2B-409D-95A4-5CC2B8CAC399}.Release|x86.Build.0 = Release|Any CPU
		{71B60EF8-22D3-416C-AC95-3ED28C028366}.Debug|Any CPU.ActiveCfg = Debug|Any CPU
		{71B60EF8-22D3-416C-AC95-3ED28C028366}.Debug|Any CPU.Build.0 = Debug|Any CPU
		{71B60EF8-22D3-416C-AC95-3ED28C028366}.Debug|x64.ActiveCfg = Debug|Any CPU
		{71B60EF8-22D3-416C-AC95-3ED28C028366}.Debug|x64.Build.0 = Debug|Any CPU
		{71B60EF8-22D3-416C-AC95-3ED28C028366}.Debug|x86.ActiveCfg = Debug|Any CPU
		{71B60EF8-22D3-416C-AC95-3ED28C028366}.Debug|x86.Build.0 = Debug|Any CPU
		{71B60EF8-22D3-416C-AC95-3ED28C028366}.Release|Any CPU.ActiveCfg = Release|Any CPU
		{71B60EF8-22D3-416C-AC95-3ED28C028366}.Release|Any CPU.Build.0 = Release|Any CPU
		{71B60EF8-22D3-416C-AC95-3ED28C028366}.Release|x64.ActiveCfg = Release|Any CPU
		{71B60EF8-22D3-416C-AC95-3ED28C028366}.Release|x64.Build.0 = Release|Any CPU
		{71B60EF8-22D3-416C-AC95-3ED28C028366}.Release|x86.ActiveCfg = Release|Any CPU
		{71B60EF8-22D3-416C-AC95-3ED28C028366}.Release|x86.Build.0 = Release|Any CPU
	EndGlobalSection
	GlobalSection(NestedProjects) = preSolution
		{347051BD-4C2B-409D-95A4-5CC2B8CAC399} = {EBB2855C-8D5C-460D-8EDA-BFDF8F24DE1D}
		{71B60EF8-22D3-416C-AC95-3ED28C028366} = {2D58803C-269C-45A3-8E2B-FE8CFB056BD4}
	EndGlobalSection
EndGlobal
